
Microsoft Visual Studio Solution File, Format Version 12.00
# Visual Studio 2013
VisualStudioVersion = 12.0.21005.1
MinimumVisualStudioVersion = 10.0.40219.1
Project("{FAE04EC0-301F-11D3-BF4B-00C04F79EFBC}") = "MoneyAdmin", "MoneyAdmin\MoneyAdmin.csproj", "{7FF8E4C3-49A9-4592-A36F-935CDE5C9C34}"
EndProject
Project("{FAE04EC0-301F-11D3-BF4B-00C04F79EFBC}") = "MoneyAdmin.Tests", "MoneyAdmin.Tests\MoneyAdmin.Tests.csproj", "{EDFF6594-AF79-490A-997D-AE91DFA3D4ED}"
EndProject
Project("{2150E333-8FDC-42A3-9474-1A3956D46DE8}") = ".nuget", ".nuget", "{805753CF-7ABA-4562-AA77-92145BE7219A}"
	ProjectSection(SolutionItems) = preProject
		.nuget\NuGet.Config = .nuget\NuGet.Config
		.nuget\NuGet.exe = .nuget\NuGet.exe
		.nuget\NuGet.targets = .nuget\NuGet.targets
	EndProjectSection
EndProject
Project("{FAE04EC0-301F-11D3-BF4B-00C04F79EFBC}") = "MoneyAdmin.Data", "MoneyAdmin.Data\MoneyAdmin.Data.csproj", "{5DCA4716-C9C6-461F-886F-44047DF88322}"
EndProject
Project("{FAE04EC0-301F-11D3-BF4B-00C04F79EFBC}") = "GenericRepository", "GenericRepository\GenericRepository.csproj", "{844986BA-6E39-430A-8D98-CAC7BF1E4A52}"
EndProject
Global
	GlobalSection(SolutionConfigurationPlatforms) = preSolution
		Debug|Any CPU = Debug|Any CPU
		Release|Any CPU = Release|Any CPU
	EndGlobalSection
	GlobalSection(ProjectConfigurationPlatforms) = postSolution
		{7FF8E4C3-49A9-4592-A36F-935CDE5C9C34}.Debug|Any CPU.ActiveCfg = Debug|Any CPU
		{7FF8E4C3-49A9-4592-A36F-935CDE5C9C34}.Debug|Any CPU.Build.0 = Debug|Any CPU
		{7FF8E4C3-49A9-4592-A36F-935CDE5C9C34}.Release|Any CPU.ActiveCfg = Release|Any CPU
		{7FF8E4C3-49A9-4592-A36F-935CDE5C9C34}.Release|Any CPU.Build.0 = Release|Any CPU
		{EDFF6594-AF79-490A-997D-AE91DFA3D4ED}.Debug|Any CPU.ActiveCfg = Debug|Any CPU
		{EDFF6594-AF79-490A-997D-AE91DFA3D4ED}.Debug|Any CPU.Build.0 = Debug|Any CPU
		{EDFF6594-AF79-490A-997D-AE91DFA3D4ED}.Release|Any CPU.ActiveCfg = Release|Any CPU
		{EDFF6594-AF79-490A-997D-AE91DFA3D4ED}.Release|Any CPU.Build.0 = Release|Any CPU
		{5DCA4716-C9C6-461F-886F-44047DF88322}.Debug|Any CPU.ActiveCfg = Debug|Any CPU
		{5DCA4716-C9C6-461F-886F-44047DF88322}.Debug|Any CPU.Build.0 = Debug|Any CPU
		{5DCA4716-C9C6-461F-886F-44047DF88322}.Release|Any CPU.ActiveCfg = Release|Any CPU
		{5DCA4716-C9C6-461F-886F-44047DF88322}.Release|Any CPU.Build.0 = Release|Any CPU
		{844986BA-6E39-430A-8D98-CAC7BF1E4A52}.Debug|Any CPU.ActiveCfg = Debug|Any CPU
		{844986BA-6E39-430A-8D98-CAC7BF1E4A52}.Debug|Any CPU.Build.0 = Debug|Any CPU
		{844986BA-6E39-430A-8D98-CAC7BF1E4A52}.Release|Any CPU.ActiveCfg = Release|Any CPU
		{844986BA-6E39-430A-8D98-CAC7BF1E4A52}.Release|Any CPU.Build.0 = Release|Any CPU
	EndGlobalSection
	GlobalSection(SolutionProperties) = preSolution
		HideSolutionNode = FALSE
	EndGlobalSection
EndGlobal
